
Microsoft Visual Studio Solution File, Format Version 12.00
# Visual Studio 15
VisualStudioVersion = 15.0.26127.0
MinimumVisualStudioVersion = 10.0.40219.1
Project("{FAE04EC0-301F-11D3-BF4B-00C04F79EFBC}") = "Planner", "Planner\Planner.csproj", "{837D501A-395A-4D83-A822-09263F02E9BC}"
EndProject
Project("{FAE04EC0-301F-11D3-BF4B-00C04F79EFBC}") = "DataLab", "DataLab\DataLab.csproj", "{273B2F76-20FC-45CB-A9E6-B043772108C6}"
EndProject
Project("{FAE04EC0-301F-11D3-BF4B-00C04F79EFBC}") = "PlennerServer", "PlennerServerConsole\PlennerServer.csproj", "{381E56B9-2388-42FF-B233-DB31B326BAC7}"
EndProject
Global
	GlobalSection(SolutionConfigurationPlatforms) = preSolution
		Debug|Any CPU = Debug|Any CPU
		Debug|ARM = Debug|ARM
		Debug|x64 = Debug|x64
		Debug|x86 = Debug|x86
		Lol|Any CPU = Lol|Any CPU
		Lol|ARM = Lol|ARM
		Lol|x64 = Lol|x64
		Lol|x86 = Lol|x86
		New|Any CPU = New|Any CPU
		New|ARM = New|ARM
		New|x64 = New|x64
		New|x86 = New|x86
		Release|Any CPU = Release|Any CPU
		Release|ARM = Release|ARM
		Release|x64 = Release|x64
		Release|x86 = Release|x86
	EndGlobalSection
	GlobalSection(ProjectConfigurationPlatforms) = postSolution
		{837D501A-395A-4D83-A822-09263F02E9BC}.Debug|Any CPU.ActiveCfg = Debug|ARM
		{837D501A-395A-4D83-A822-09263F02E9BC}.Debug|Any CPU.Build.0 = Debug|ARM
		{837D501A-395A-4D83-A822-09263F02E9BC}.Debug|Any CPU.Deploy.0 = Debug|ARM
		{837D501A-395A-4D83-A822-09263F02E9BC}.Debug|ARM.ActiveCfg = Debug|ARM
		{837D501A-395A-4D83-A822-09263F02E9BC}.Debug|ARM.Build.0 = Debug|ARM
		{837D501A-395A-4D83-A822-09263F02E9BC}.Debug|x64.ActiveCfg = Debug|ARM
		{837D501A-395A-4D83-A822-09263F02E9BC}.Debug|x64.Build.0 = Debug|ARM
		{837D501A-395A-4D83-A822-09263F02E9BC}.Debug|x64.Deploy.0 = Debug|ARM
		{837D501A-395A-4D83-A822-09263F02E9BC}.Debug|x86.ActiveCfg = Debug|x86
		{837D501A-395A-4D83-A822-09263F02E9BC}.Debug|x86.Build.0 = Debug|x86
		{837D501A-395A-4D83-A822-09263F02E9BC}.Debug|x86.Deploy.0 = Debug|x86
		{837D501A-395A-4D83-A822-09263F02E9BC}.Lol|Any CPU.ActiveCfg = Release|x64
		{837D501A-395A-4D83-A822-09263F02E9BC}.Lol|Any CPU.Build.0 = Release|x64
		{837D501A-395A-4D83-A822-09263F02E9BC}.Lol|Any CPU.Deploy.0 = Release|x64
		{837D501A-395A-4D83-A822-09263F02E9BC}.Lol|ARM.ActiveCfg = Release|ARM
		{837D501A-395A-4D83-A822-09263F02E9BC}.Lol|ARM.Build.0 = Release|ARM
		{837D501A-395A-4D83-A822-09263F02E9BC}.Lol|ARM.Deploy.0 = Release|ARM
		{837D501A-395A-4D83-A822-09263F02E9BC}.Lol|x64.ActiveCfg = Release|x64
		{837D501A-395A-4D83-A822-09263F02E9BC}.Lol|x64.Build.0 = Release|x64
		{837D501A-395A-4D83-A822-09263F02E9BC}.Lol|x64.Deploy.0 = Release|x64
		{837D501A-395A-4D83-A822-09263F02E9BC}.Lol|x86.ActiveCfg = Release|x86
		{837D501A-395A-4D83-A822-09263F02E9BC}.Lol|x86.Build.0 = Release|x86
		{837D501A-395A-4D83-A822-09263F02E9BC}.Lol|x86.Deploy.0 = Release|x86
		{837D501A-395A-4D83-A822-09263F02E9BC}.New|Any CPU.ActiveCfg = Release|x64
		{837D501A-395A-4D83-A822-09263F02E9BC}.New|Any CPU.Build.0 = Release|x64
		{837D501A-395A-4D83-A822-09263F02E9BC}.New|Any CPU.Deploy.0 = Release|x64
		{837D501A-395A-4D83-A822-09263F02E9BC}.New|ARM.ActiveCfg = Release|ARM
		{837D501A-395A-4D83-A822-09263F02E9BC}.New|ARM.Build.0 = Release|ARM
		{837D501A-395A-4D83-A822-09263F02E9BC}.New|ARM.Deploy.0 = Release|ARM
		{837D501A-395A-4D83-A822-09263F02E9BC}.New|x64.ActiveCfg = Release|x64
		{837D501A-395A-4D83-A822-09263F02E9BC}.New|x64.Build.0 = Release|x64
		{837D501A-395A-4D83-A822-09263F02E9BC}.New|x64.Deploy.0 = Release|x64
		{837D501A-395A-4D83-A822-09263F02E9BC}.New|x86.ActiveCfg = Release|x86
		{837D501A-395A-4D83-A822-09263F02E9BC}.New|x86.Build.0 = Release|x86
		{837D501A-395A-4D83-A822-09263F02E9BC}.New|x86.Deploy.0 = Release|x86
		{837D501A-395A-4D83-A822-09263F02E9BC}.Release|Any CPU.ActiveCfg = Release|x86
		{837D501A-395A-4D83-A822-09263F02E9BC}.Release|ARM.ActiveCfg = Release|ARM
		{837D501A-395A-4D83-A822-09263F02E9BC}.Release|ARM.Build.0 = Release|ARM
		{837D501A-395A-4D83-A822-09263F02E9BC}.Release|ARM.Deploy.0 = Release|ARM
		{837D501A-395A-4D83-A822-09263F02E9BC}.Release|x64.ActiveCfg = Release|x64
		{837D501A-395A-4D83-A822-09263F02E9BC}.Release|x64.Build.0 = Release|x64
		{837D501A-395A-4D83-A822-09263F02E9BC}.Release|x64.Deploy.0 = Release|x64
		{837D501A-395A-4D83-A822-09263F02E9BC}.Release|x86.ActiveCfg = Release|x86
		{837D501A-395A-4D83-A822-09263F02E9BC}.Release|x86.Build.0 = Release|x86
		{837D501A-395A-4D83-A822-09263F02E9BC}.Release|x86.Deploy.0 = Release|x86
		{273B2F76-20FC-45CB-A9E6-B043772108C6}.Debug|Any CPU.ActiveCfg = Debug|Any CPU
		{273B2F76-20FC-45CB-A9E6-B043772108C6}.Debug|Any CPU.Build.0 = Debug|Any CPU
		{273B2F76-20FC-45CB-A9E6-B043772108C6}.Debug|ARM.ActiveCfg = Debug|Any CPU
		{273B2F76-20FC-45CB-A9E6-B043772108C6}.Debug|ARM.Build.0 = Debug|Any CPU
		{273B2F76-20FC-45CB-A9E6-B043772108C6}.Debug|x64.ActiveCfg = Debug|x64
		{273B2F76-20FC-45CB-A9E6-B043772108C6}.Debug|x64.Build.0 = Debug|x64
		{273B2F76-20FC-45CB-A9E6-B043772108C6}.Debug|x86.ActiveCfg = Debug|x86
		{273B2F76-20FC-45CB-A9E6-B043772108C6}.Debug|x86.Build.0 = Debug|x86
		{273B2F76-20FC-45CB-A9E6-B043772108C6}.Lol|Any CPU.ActiveCfg = Release|Any CPU
		{273B2F76-20FC-45CB-A9E6-B043772108C6}.Lol|Any CPU.Build.0 = Release|Any CPU
		{273B2F76-20FC-45CB-A9E6-B043772108C6}.Lol|ARM.ActiveCfg = Release|ARM
		{273B2F76-20FC-45CB-A9E6-B043772108C6}.Lol|ARM.Build.0 = Release|ARM
		{273B2F76-20FC-45CB-A9E6-B043772108C6}.Lol|x64.ActiveCfg = Release|x64
		{273B2F76-20FC-45CB-A9E6-B043772108C6}.Lol|x64.Build.0 = Release|x64
		{273B2F76-20FC-45CB-A9E6-B043772108C6}.Lol|x86.ActiveCfg = Release|x86
		{273B2F76-20FC-45CB-A9E6-B043772108C6}.Lol|x86.Build.0 = Release|x86
		{273B2F76-20FC-45CB-A9E6-B043772108C6}.New|Any CPU.ActiveCfg = Release|Any CPU
		{273B2F76-20FC-45CB-A9E6-B043772108C6}.New|Any CPU.Build.0 = Release|Any CPU
		{273B2F76-20FC-45CB-A9E6-B043772108C6}.New|ARM.ActiveCfg = Release|ARM
		{273B2F76-20FC-45CB-A9E6-B043772108C6}.New|ARM.Build.0 = Release|ARM
		{273B2F76-20FC-45CB-A9E6-B043772108C6}.New|x64.ActiveCfg = Release|x64
		{273B2F76-20FC-45CB-A9E6-B043772108C6}.New|x64.Build.0 = Release|x64
		{273B2F76-20FC-45CB-A9E6-B043772108C6}.New|x86.ActiveCfg = Release|x86
		{273B2F76-20FC-45CB-A9E6-B043772108C6}.New|x86.Build.0 = Release|x86
		{273B2F76-20FC-45CB-A9E6-B043772108C6}.Release|Any CPU.ActiveCfg = Release|Any CPU
		{273B2F76-20FC-45CB-A9E6-B043772108C6}.Release|Any CPU.Build.0 = Release|Any CPU
		{273B2F76-20FC-45CB-A9E6-B043772108C6}.Release|ARM.ActiveCfg = Release|ARM
		{273B2F76-20FC-45CB-A9E6-B043772108C6}.Release|ARM.Build.0 = Release|ARM
		{273B2F76-20FC-45CB-A9E6-B043772108C6}.Release|x64.ActiveCfg = Release|x64
		{273B2F76-20FC-45CB-A9E6-B043772108C6}.Release|x64.Build.0 = Release|x64
		{273B2F76-20FC-45CB-A9E6-B043772108C6}.Release|x86.ActiveCfg = Release|x86
		{273B2F76-20FC-45CB-A9E6-B043772108C6}.Release|x86.Build.0 = Release|x86
		{381E56B9-2388-42FF-B233-DB31B326BAC7}.Debug|Any CPU.ActiveCfg = Debug|x64
		{381E56B9-2388-42FF-B233-DB31B326BAC7}.Debug|ARM.ActiveCfg = Debug|ARM
		{381E56B9-2388-42FF-B233-DB31B326BAC7}.Debug|ARM.Build.0 = Debug|ARM
		{381E56B9-2388-42FF-B233-DB31B326BAC7}.Debug|ARM.Deploy.0 = Debug|ARM
		{381E56B9-2388-42FF-B233-DB31B326BAC7}.Debug|x64.ActiveCfg = Debug|x64
		{381E56B9-2388-42FF-B233-DB31B326BAC7}.Debug|x64.Build.0 = Debug|x64
		{381E56B9-2388-42FF-B233-DB31B326BAC7}.Debug|x64.Deploy.0 = Debug|x64
		{381E56B9-2388-42FF-B233-DB31B326BAC7}.Debug|x86.ActiveCfg = Debug|x86
		{381E56B9-2388-42FF-B233-DB31B326BAC7}.Debug|x86.Build.0 = Debug|x86
		{381E56B9-2388-42FF-B233-DB31B326BAC7}.Debug|x86.Deploy.0 = Debug|x86
		{381E56B9-2388-42FF-B233-DB31B326BAC7}.Lol|Any CPU.ActiveCfg = Lol|x86
		{381E56B9-2388-42FF-B233-DB31B326BAC7}.Lol|ARM.ActiveCfg = Lol|ARM
		{381E56B9-2388-42FF-B233-DB31B326BAC7}.Lol|ARM.Build.0 = Lol|ARM
		{381E56B9-2388-42FF-B233-DB31B326BAC7}.Lol|ARM.Deploy.0 = Lol|ARM
		{381E56B9-2388-42FF-B233-DB31B326BAC7}.Lol|x64.ActiveCfg = Lol|x64
		{381E56B9-2388-42FF-B233-DB31B326BAC7}.Lol|x64.Build.0 = Lol|x64
		{381E56B9-2388-42FF-B233-DB31B326BAC7}.Lol|x64.Deploy.0 = Lol|x64
		{381E56B9-2388-42FF-B233-DB31B326BAC7}.Lol|x86.ActiveCfg = Lol|x86
		{381E56B9-2388-42FF-B233-DB31B326BAC7}.Lol|x86.Build.0 = Lol|x86
		{381E56B9-2388-42FF-B233-DB31B326BAC7}.Lol|x86.Deploy.0 = Lol|x86
		{381E56B9-2388-42FF-B233-DB31B326BAC7}.New|Any CPU.ActiveCfg = New|x86
		{381E56B9-2388-42FF-B233-DB31B326BAC7}.New|ARM.ActiveCfg = New|ARM
		{381E56B9-2388-42FF-B233-DB31B326BAC7}.New|ARM.Build.0 = New|ARM
		{381E56B9-2388-42FF-B233-DB31B326BAC7}.New|ARM.Deploy.0 = New|ARM
		{381E56B9-2388-42FF-B233-DB31B326BAC7}.New|x64.ActiveCfg = New|x64
		{381E56B9-2388-42FF-B233-DB31B326BAC7}.New|x64.Build.0 = New|x64
		{381E56B9-2388-42FF-B233-DB31B326BAC7}.New|x64.Deploy.0 = New|x64
		{381E56B9-2388-42FF-B233-DB31B326BAC7}.New|x86.ActiveCfg = New|x86
		{381E56B9-2388-42FF-B233-DB31B326BAC7}.New|x86.Build.0 = New|x86
		{381E56B9-2388-42FF-B233-DB31B326BAC7}.New|x86.Deploy.0 = New|x86
		{381E56B9-2388-42FF-B233-DB31B326BAC7}.Release|Any CPU.ActiveCfg = Release|x86
		{381E56B9-2388-42FF-B233-DB31B326BAC7}.Release|ARM.ActiveCfg = Release|ARM
		{381E56B9-2388-42FF-B233-DB31B326BAC7}.Release|ARM.Build.0 = Release|ARM
		{381E56B9-2388-42FF-B233-DB31B326BAC7}.Release|ARM.Deploy.0 = Release|ARM
		{381E56B9-2388-42FF-B233-DB31B326BAC7}.Release|x64.ActiveCfg = Release|x64
		{381E56B9-2388-42FF-B233-DB31B326BAC7}.Release|x64.Build.0 = Release|x64
		{381E56B9-2388-42FF-B233-DB31B326BAC7}.Release|x64.Deploy.0 = Release|x64
		{381E56B9-2388-42FF-B233-DB31B326BAC7}.Release|x86.ActiveCfg = Release|x86
		{381E56B9-2388-42FF-B233-DB31B326BAC7}.Release|x86.Build.0 = Release|x86
		{381E56B9-2388-42FF-B233-DB31B326BAC7}.Release|x86.Deploy.0 = Release|x86
	EndGlobalSection
	GlobalSection(SolutionProperties) = preSolution
		HideSolutionNode = FALSE
	EndGlobalSection
EndGlobal
