
Microsoft Visual Studio Solution File, Format Version 12.00
# Visual Studio 15
VisualStudioVersion = 15.0.26127.0
MinimumVisualStudioVersion = 10.0.40219.1
Project("{FAE04EC0-301F-11D3-BF4B-00C04F79EFBC}") = "Plenner", "Plenner\Plenner.csproj", "{509E4CE0-5D15-404A-9EAC-50CDAFC7CC69}"
EndProject
Project("{FAE04EC0-301F-11D3-BF4B-00C04F79EFBC}") = "DataLab", "ClassLibrary1\DataLab.csproj", "{F38F9FCB-05DE-48F6-AD98-A7FF0C6FE24D}"
EndProject
Project("{FAE04EC0-301F-11D3-BF4B-00C04F79EFBC}") = "PlennerServer", "PlennerServerConsole\PlennerServer.csproj", "{381E56B9-2388-42FF-B233-DB31B326BAC7}"
EndProject
Project("{FAE04EC0-301F-11D3-BF4B-00C04F79EFBC}") = "RuntimeComponent1", "RuntimeComponent1\RuntimeComponent1.csproj", "{C628C25D-9A9F-4D0D-A9F7-1A732793E315}"
EndProject
Global
	GlobalSection(SolutionConfigurationPlatforms) = preSolution
		Debug|Any CPU = Debug|Any CPU
		Debug|ARM = Debug|ARM
		Debug|x64 = Debug|x64
		Debug|x86 = Debug|x86
		Lol|Any CPU = Lol|Any CPU
		Lol|ARM = Lol|ARM
		Lol|x64 = Lol|x64
		Lol|x86 = Lol|x86
		New|Any CPU = New|Any CPU
		New|ARM = New|ARM
		New|x64 = New|x64
		New|x86 = New|x86
		Release|Any CPU = Release|Any CPU
		Release|ARM = Release|ARM
		Release|x64 = Release|x64
		Release|x86 = Release|x86
	EndGlobalSection
	GlobalSection(ProjectConfigurationPlatforms) = postSolution
		{509E4CE0-5D15-404A-9EAC-50CDAFC7CC69}.Debug|Any CPU.ActiveCfg = Debug|ARM
		{509E4CE0-5D15-404A-9EAC-50CDAFC7CC69}.Debug|Any CPU.Build.0 = Debug|ARM
		{509E4CE0-5D15-404A-9EAC-50CDAFC7CC69}.Debug|Any CPU.Deploy.0 = Debug|ARM
		{509E4CE0-5D15-404A-9EAC-50CDAFC7CC69}.Debug|ARM.ActiveCfg = Debug|ARM
		{509E4CE0-5D15-404A-9EAC-50CDAFC7CC69}.Debug|ARM.Build.0 = Debug|ARM
		{509E4CE0-5D15-404A-9EAC-50CDAFC7CC69}.Debug|ARM.Deploy.0 = Debug|ARM
		{509E4CE0-5D15-404A-9EAC-50CDAFC7CC69}.Debug|x64.ActiveCfg = Debug|x64
		{509E4CE0-5D15-404A-9EAC-50CDAFC7CC69}.Debug|x64.Build.0 = Debug|x64
		{509E4CE0-5D15-404A-9EAC-50CDAFC7CC69}.Debug|x64.Deploy.0 = Debug|x64
		{509E4CE0-5D15-404A-9EAC-50CDAFC7CC69}.Debug|x86.ActiveCfg = Debug|x86
		{509E4CE0-5D15-404A-9EAC-50CDAFC7CC69}.Debug|x86.Build.0 = Debug|x86
		{509E4CE0-5D15-404A-9EAC-50CDAFC7CC69}.Debug|x86.Deploy.0 = Debug|x86
		{509E4CE0-5D15-404A-9EAC-50CDAFC7CC69}.Lol|Any CPU.ActiveCfg = Release|x64
		{509E4CE0-5D15-404A-9EAC-50CDAFC7CC69}.Lol|Any CPU.Build.0 = Release|x64
		{509E4CE0-5D15-404A-9EAC-50CDAFC7CC69}.Lol|Any CPU.Deploy.0 = Release|x64
		{509E4CE0-5D15-404A-9EAC-50CDAFC7CC69}.Lol|ARM.ActiveCfg = Lol|ARM
		{509E4CE0-5D15-404A-9EAC-50CDAFC7CC69}.Lol|ARM.Build.0 = Lol|ARM
		{509E4CE0-5D15-404A-9EAC-50CDAFC7CC69}.Lol|ARM.Deploy.0 = Lol|ARM
		{509E4CE0-5D15-404A-9EAC-50CDAFC7CC69}.Lol|x64.ActiveCfg = Lol|x64
		{509E4CE0-5D15-404A-9EAC-50CDAFC7CC69}.Lol|x64.Build.0 = Lol|x64
		{509E4CE0-5D15-404A-9EAC-50CDAFC7CC69}.Lol|x64.Deploy.0 = Lol|x64
		{509E4CE0-5D15-404A-9EAC-50CDAFC7CC69}.Lol|x86.ActiveCfg = Lol|x86
		{509E4CE0-5D15-404A-9EAC-50CDAFC7CC69}.Lol|x86.Build.0 = Lol|x86
		{509E4CE0-5D15-404A-9EAC-50CDAFC7CC69}.Lol|x86.Deploy.0 = Lol|x86
		{509E4CE0-5D15-404A-9EAC-50CDAFC7CC69}.New|Any CPU.ActiveCfg = New|ARM
		{509E4CE0-5D15-404A-9EAC-50CDAFC7CC69}.New|Any CPU.Build.0 = New|ARM
		{509E4CE0-5D15-404A-9EAC-50CDAFC7CC69}.New|Any CPU.Deploy.0 = New|ARM
		{509E4CE0-5D15-404A-9EAC-50CDAFC7CC69}.New|ARM.ActiveCfg = New|ARM
		{509E4CE0-5D15-404A-9EAC-50CDAFC7CC69}.New|ARM.Build.0 = New|ARM
		{509E4CE0-5D15-404A-9EAC-50CDAFC7CC69}.New|ARM.Deploy.0 = New|ARM
		{509E4CE0-5D15-404A-9EAC-50CDAFC7CC69}.New|x64.ActiveCfg = New|x64
		{509E4CE0-5D15-404A-9EAC-50CDAFC7CC69}.New|x64.Build.0 = New|x64
		{509E4CE0-5D15-404A-9EAC-50CDAFC7CC69}.New|x64.Deploy.0 = New|x64
		{509E4CE0-5D15-404A-9EAC-50CDAFC7CC69}.New|x86.ActiveCfg = New|x86
		{509E4CE0-5D15-404A-9EAC-50CDAFC7CC69}.New|x86.Build.0 = New|x86
		{509E4CE0-5D15-404A-9EAC-50CDAFC7CC69}.New|x86.Deploy.0 = New|x86
		{509E4CE0-5D15-404A-9EAC-50CDAFC7CC69}.Release|Any CPU.ActiveCfg = Release|ARM
		{509E4CE0-5D15-404A-9EAC-50CDAFC7CC69}.Release|Any CPU.Build.0 = Release|ARM
		{509E4CE0-5D15-404A-9EAC-50CDAFC7CC69}.Release|Any CPU.Deploy.0 = Release|ARM
		{509E4CE0-5D15-404A-9EAC-50CDAFC7CC69}.Release|ARM.ActiveCfg = Release|ARM
		{509E4CE0-5D15-404A-9EAC-50CDAFC7CC69}.Release|ARM.Build.0 = Release|ARM
		{509E4CE0-5D15-404A-9EAC-50CDAFC7CC69}.Release|ARM.Deploy.0 = Release|ARM
		{509E4CE0-5D15-404A-9EAC-50CDAFC7CC69}.Release|x64.ActiveCfg = Release|x64
		{509E4CE0-5D15-404A-9EAC-50CDAFC7CC69}.Release|x64.Build.0 = Release|x64
		{509E4CE0-5D15-404A-9EAC-50CDAFC7CC69}.Release|x64.Deploy.0 = Release|x64
		{509E4CE0-5D15-404A-9EAC-50CDAFC7CC69}.Release|x86.ActiveCfg = Release|x86
		{509E4CE0-5D15-404A-9EAC-50CDAFC7CC69}.Release|x86.Build.0 = Release|x86
		{509E4CE0-5D15-404A-9EAC-50CDAFC7CC69}.Release|x86.Deploy.0 = Release|x86
		{F38F9FCB-05DE-48F6-AD98-A7FF0C6FE24D}.Debug|Any CPU.ActiveCfg = Debug|Any CPU
		{F38F9FCB-05DE-48F6-AD98-A7FF0C6FE24D}.Debug|Any CPU.Build.0 = Debug|Any CPU
		{F38F9FCB-05DE-48F6-AD98-A7FF0C6FE24D}.Debug|ARM.ActiveCfg = Debug|Any CPU
		{F38F9FCB-05DE-48F6-AD98-A7FF0C6FE24D}.Debug|ARM.Build.0 = Debug|Any CPU
		{F38F9FCB-05DE-48F6-AD98-A7FF0C6FE24D}.Debug|x64.ActiveCfg = Debug|Any CPU
		{F38F9FCB-05DE-48F6-AD98-A7FF0C6FE24D}.Debug|x64.Build.0 = Debug|Any CPU
		{F38F9FCB-05DE-48F6-AD98-A7FF0C6FE24D}.Debug|x86.ActiveCfg = Debug|Any CPU
		{F38F9FCB-05DE-48F6-AD98-A7FF0C6FE24D}.Debug|x86.Build.0 = Debug|Any CPU
		{F38F9FCB-05DE-48F6-AD98-A7FF0C6FE24D}.Lol|Any CPU.ActiveCfg = Release|Any CPU
		{F38F9FCB-05DE-48F6-AD98-A7FF0C6FE24D}.Lol|Any CPU.Build.0 = Release|Any CPU
		{F38F9FCB-05DE-48F6-AD98-A7FF0C6FE24D}.Lol|ARM.ActiveCfg = Lol|ARM
		{F38F9FCB-05DE-48F6-AD98-A7FF0C6FE24D}.Lol|ARM.Build.0 = Lol|ARM
		{F38F9FCB-05DE-48F6-AD98-A7FF0C6FE24D}.Lol|x64.ActiveCfg = Lol|x64
		{F38F9FCB-05DE-48F6-AD98-A7FF0C6FE24D}.Lol|x64.Build.0 = Lol|x64
		{F38F9FCB-05DE-48F6-AD98-A7FF0C6FE24D}.Lol|x86.ActiveCfg = Lol|x86
		{F38F9FCB-05DE-48F6-AD98-A7FF0C6FE24D}.Lol|x86.Build.0 = Lol|x86
		{F38F9FCB-05DE-48F6-AD98-A7FF0C6FE24D}.New|Any CPU.ActiveCfg = New|Any CPU
		{F38F9FCB-05DE-48F6-AD98-A7FF0C6FE24D}.New|Any CPU.Build.0 = New|Any CPU
		{F38F9FCB-05DE-48F6-AD98-A7FF0C6FE24D}.New|ARM.ActiveCfg = New|ARM
		{F38F9FCB-05DE-48F6-AD98-A7FF0C6FE24D}.New|ARM.Build.0 = New|ARM
		{F38F9FCB-05DE-48F6-AD98-A7FF0C6FE24D}.New|x64.ActiveCfg = New|x64
		{F38F9FCB-05DE-48F6-AD98-A7FF0C6FE24D}.New|x64.Build.0 = New|x64
		{F38F9FCB-05DE-48F6-AD98-A7FF0C6FE24D}.New|x86.ActiveCfg = New|x86
		{F38F9FCB-05DE-48F6-AD98-A7FF0C6FE24D}.New|x86.Build.0 = New|x86
		{F38F9FCB-05DE-48F6-AD98-A7FF0C6FE24D}.Release|Any CPU.ActiveCfg = Release|ARM
		{F38F9FCB-05DE-48F6-AD98-A7FF0C6FE24D}.Release|Any CPU.Build.0 = Release|ARM
		{F38F9FCB-05DE-48F6-AD98-A7FF0C6FE24D}.Release|ARM.ActiveCfg = Release|ARM
		{F38F9FCB-05DE-48F6-AD98-A7FF0C6FE24D}.Release|ARM.Build.0 = Release|ARM
		{F38F9FCB-05DE-48F6-AD98-A7FF0C6FE24D}.Release|x64.ActiveCfg = Release|x64
		{F38F9FCB-05DE-48F6-AD98-A7FF0C6FE24D}.Release|x64.Build.0 = Release|x64
		{F38F9FCB-05DE-48F6-AD98-A7FF0C6FE24D}.Release|x86.ActiveCfg = Release|x86
		{F38F9FCB-05DE-48F6-AD98-A7FF0C6FE24D}.Release|x86.Build.0 = Release|x86
		{381E56B9-2388-42FF-B233-DB31B326BAC7}.Debug|Any CPU.ActiveCfg = Debug|ARM
		{381E56B9-2388-42FF-B233-DB31B326BAC7}.Debug|ARM.ActiveCfg = Debug|ARM
		{381E56B9-2388-42FF-B233-DB31B326BAC7}.Debug|x64.ActiveCfg = Debug|x64
		{381E56B9-2388-42FF-B233-DB31B326BAC7}.Debug|x86.ActiveCfg = Debug|x86
		{381E56B9-2388-42FF-B233-DB31B326BAC7}.Lol|Any CPU.ActiveCfg = Release|x64
		{381E56B9-2388-42FF-B233-DB31B326BAC7}.Lol|ARM.ActiveCfg = Lol|ARM
		{381E56B9-2388-42FF-B233-DB31B326BAC7}.Lol|ARM.Build.0 = Lol|ARM
		{381E56B9-2388-42FF-B233-DB31B326BAC7}.Lol|ARM.Deploy.0 = Lol|ARM
		{381E56B9-2388-42FF-B233-DB31B326BAC7}.Lol|x64.ActiveCfg = Lol|x64
		{381E56B9-2388-42FF-B233-DB31B326BAC7}.Lol|x64.Build.0 = Lol|x64
		{381E56B9-2388-42FF-B233-DB31B326BAC7}.Lol|x64.Deploy.0 = Lol|x64
		{381E56B9-2388-42FF-B233-DB31B326BAC7}.Lol|x86.ActiveCfg = Lol|x86
		{381E56B9-2388-42FF-B233-DB31B326BAC7}.Lol|x86.Build.0 = Lol|x86
		{381E56B9-2388-42FF-B233-DB31B326BAC7}.Lol|x86.Deploy.0 = Lol|x86
		{381E56B9-2388-42FF-B233-DB31B326BAC7}.New|Any CPU.ActiveCfg = New|x86
		{381E56B9-2388-42FF-B233-DB31B326BAC7}.New|ARM.ActiveCfg = New|ARM
		{381E56B9-2388-42FF-B233-DB31B326BAC7}.New|ARM.Build.0 = New|ARM
		{381E56B9-2388-42FF-B233-DB31B326BAC7}.New|ARM.Deploy.0 = New|ARM
		{381E56B9-2388-42FF-B233-DB31B326BAC7}.New|x64.ActiveCfg = New|x64
		{381E56B9-2388-42FF-B233-DB31B326BAC7}.New|x64.Build.0 = New|x64
		{381E56B9-2388-42FF-B233-DB31B326BAC7}.New|x64.Deploy.0 = New|x64
		{381E56B9-2388-42FF-B233-DB31B326BAC7}.New|x86.ActiveCfg = New|x86
		{381E56B9-2388-42FF-B233-DB31B326BAC7}.New|x86.Build.0 = New|x86
		{381E56B9-2388-42FF-B233-DB31B326BAC7}.New|x86.Deploy.0 = New|x86
		{381E56B9-2388-42FF-B233-DB31B326BAC7}.Release|Any CPU.ActiveCfg = Release|ARM
		{381E56B9-2388-42FF-B233-DB31B326BAC7}.Release|ARM.ActiveCfg = Release|ARM
		{381E56B9-2388-42FF-B233-DB31B326BAC7}.Release|ARM.Build.0 = Release|ARM
		{381E56B9-2388-42FF-B233-DB31B326BAC7}.Release|ARM.Deploy.0 = Release|ARM
		{381E56B9-2388-42FF-B233-DB31B326BAC7}.Release|x64.ActiveCfg = Release|x64
		{381E56B9-2388-42FF-B233-DB31B326BAC7}.Release|x64.Build.0 = Release|x64
		{381E56B9-2388-42FF-B233-DB31B326BAC7}.Release|x64.Deploy.0 = Release|x64
		{381E56B9-2388-42FF-B233-DB31B326BAC7}.Release|x86.ActiveCfg = Release|x86
		{381E56B9-2388-42FF-B233-DB31B326BAC7}.Release|x86.Build.0 = Release|x86
		{381E56B9-2388-42FF-B233-DB31B326BAC7}.Release|x86.Deploy.0 = Release|x86
		{C628C25D-9A9F-4D0D-A9F7-1A732793E315}.Debug|Any CPU.ActiveCfg = Debug|Any CPU
		{C628C25D-9A9F-4D0D-A9F7-1A732793E315}.Debug|Any CPU.Build.0 = Debug|Any CPU
		{C628C25D-9A9F-4D0D-A9F7-1A732793E315}.Debug|ARM.ActiveCfg = Debug|Any CPU
		{C628C25D-9A9F-4D0D-A9F7-1A732793E315}.Debug|ARM.Build.0 = Debug|Any CPU
		{C628C25D-9A9F-4D0D-A9F7-1A732793E315}.Debug|x64.ActiveCfg = Debug|x64
		{C628C25D-9A9F-4D0D-A9F7-1A732793E315}.Debug|x64.Build.0 = Debug|x64
		{C628C25D-9A9F-4D0D-A9F7-1A732793E315}.Debug|x86.ActiveCfg = Debug|x86
		{C628C25D-9A9F-4D0D-A9F7-1A732793E315}.Debug|x86.Build.0 = Debug|x86
		{C628C25D-9A9F-4D0D-A9F7-1A732793E315}.Lol|Any CPU.ActiveCfg = Release|Any CPU
		{C628C25D-9A9F-4D0D-A9F7-1A732793E315}.Lol|Any CPU.Build.0 = Release|Any CPU
		{C628C25D-9A9F-4D0D-A9F7-1A732793E315}.Lol|ARM.ActiveCfg = Release|ARM
		{C628C25D-9A9F-4D0D-A9F7-1A732793E315}.Lol|ARM.Build.0 = Release|ARM
		{C628C25D-9A9F-4D0D-A9F7-1A732793E315}.Lol|x64.ActiveCfg = Release|x64
		{C628C25D-9A9F-4D0D-A9F7-1A732793E315}.Lol|x64.Build.0 = Release|x64
		{C628C25D-9A9F-4D0D-A9F7-1A732793E315}.Lol|x86.ActiveCfg = Release|x86
		{C628C25D-9A9F-4D0D-A9F7-1A732793E315}.Lol|x86.Build.0 = Release|x86
		{C628C25D-9A9F-4D0D-A9F7-1A732793E315}.New|Any CPU.ActiveCfg = Release|Any CPU
		{C628C25D-9A9F-4D0D-A9F7-1A732793E315}.New|Any CPU.Build.0 = Release|Any CPU
		{C628C25D-9A9F-4D0D-A9F7-1A732793E315}.New|ARM.ActiveCfg = Release|ARM
		{C628C25D-9A9F-4D0D-A9F7-1A732793E315}.New|ARM.Build.0 = Release|ARM
		{C628C25D-9A9F-4D0D-A9F7-1A732793E315}.New|x64.ActiveCfg = Release|x64
		{C628C25D-9A9F-4D0D-A9F7-1A732793E315}.New|x64.Build.0 = Release|x64
		{C628C25D-9A9F-4D0D-A9F7-1A732793E315}.New|x86.ActiveCfg = Release|x86
		{C628C25D-9A9F-4D0D-A9F7-1A732793E315}.New|x86.Build.0 = Release|x86
		{C628C25D-9A9F-4D0D-A9F7-1A732793E315}.Release|Any CPU.ActiveCfg = Release|Any CPU
		{C628C25D-9A9F-4D0D-A9F7-1A732793E315}.Release|Any CPU.Build.0 = Release|Any CPU
		{C628C25D-9A9F-4D0D-A9F7-1A732793E315}.Release|ARM.ActiveCfg = Release|ARM
		{C628C25D-9A9F-4D0D-A9F7-1A732793E315}.Release|ARM.Build.0 = Release|ARM
		{C628C25D-9A9F-4D0D-A9F7-1A732793E315}.Release|x64.ActiveCfg = Release|x64
		{C628C25D-9A9F-4D0D-A9F7-1A732793E315}.Release|x64.Build.0 = Release|x64
		{C628C25D-9A9F-4D0D-A9F7-1A732793E315}.Release|x86.ActiveCfg = Release|x86
		{C628C25D-9A9F-4D0D-A9F7-1A732793E315}.Release|x86.Build.0 = Release|x86
	EndGlobalSection
	GlobalSection(SolutionProperties) = preSolution
		HideSolutionNode = FALSE
	EndGlobalSection
EndGlobal
